# This file is autogenerated, do not edit; changes may be undone by the next 'dep ensure'.


[[projects]]
  name = "github.com/aymerick/douceur"
  packages = [
    "css",
    "parser"
  ]
  revision = "c5c95ec357c8235fbd7f34e8c843d36783f3fad9"
  version = "v0.2.0"

[[projects]]
  branch = "master"
  name = "github.com/corpix/uarand"
  packages = ["."]
  revision = "2b8494104d86337cdd41d0a49cbed8e4583c0ab4"

[[projects]]
  name = "github.com/davecgh/go-spew"
  packages = ["spew"]
  revision = "346938d642f2ec3594ed81d874461961cd0faa76"
  version = "v1.1.0"

[[projects]]
  name = "github.com/fatih/color"
  packages = ["."]
  revision = "5b77d2a35fb0ede96d138fc9a99f5c9b6aef11b4"
  version = "v1.7.0"

[[projects]]
  branch = "master"
  name = "github.com/gokit/assetkit"
  packages = [
    "assets",
    "assets/packers",
    "generators/data"
  ]
  revision = "8249b22caa7e0dc7e9d5f3539d06e8cca34404d3"

[[projects]]
  name = "github.com/gorilla/css"
  packages = ["scanner"]
  revision = "398b0b046082ecb3694c01bec6b336a06a4e530a"
  version = "v1.0.0"

[[projects]]
  branch = "master"
  name = "github.com/gu-io/trees"
  packages = [
    ".",
    "css",
    "notifications"
  ]
  revision = "6f9db5d968e206f46540b644431da5bf22e4a035"

[[projects]]
  branch = "master"
  name = "github.com/icrowley/fake"
  packages = ["."]
  revision = "4178557ae428460c3780a381c824a1f3aceb6325"

[[projects]]
  branch = "master"
  name = "github.com/influx6/faux"
  packages = [
    "bag",
    "exec",
    "flags",
    "hexwriter",
    "metrics",
    "metrics/custom",
    "types/actions",
    "types/events",
    "vfiles"
  ]
  revision = "6662a2ca657cbb52eac3fb49b0ec2ea7de2613d5"

[[projects]]
  branch = "master"
  name = "github.com/influx6/gobuild"
  packages = [
    "build",
    "srcpath"
  ]
  revision = "89554433a01feba51a66429bb660849391c172f3"

[[projects]]
  branch = "master"
  name = "github.com/influx6/moz"
  packages = [
    "ast",
    "gen",
    "gen/templates",
    "utils"
  ]
  revision = "48c028dc43c49609616c8fc2ff46d82f5db56415"

[[projects]]
  name = "github.com/mattn/go-colorable"
  packages = ["."]
  revision = "167de6bfdfba052fa6b2d3664c8f5272e23c9072"
  version = "v0.0.9"

[[projects]]
  name = "github.com/mattn/go-isatty"
  packages = ["."]
  revision = "0360b2af4f38e8d38c7fce2a9f4e702702d73a39"
  version = "v0.0.3"

[[projects]]
  name = "github.com/pmezard/go-difflib"
  packages = ["difflib"]
  revision = "792786c7400a136282c1664665ae0a8db921c6c2"
  version = "v1.0.0"

[[projects]]
  name = "github.com/russross/blackfriday"
  packages = ["."]
  revision = "cadec560ec52d93835bf2f15bd794700d3a2473b"
  version = "v2.0.0"

[[projects]]
  branch = "master"
  name = "github.com/shurcooL/sanitized_anchor_name"
  packages = ["."]
  revision = "86672fcb3f950f35f2e675df2240550f2a50762f"

[[projects]]
  name = "github.com/stretchr/testify"
  packages = ["assert"]
  revision = "12b6f73e6084dad08a7c6e575284b177ecafbc71"
  version = "v1.2.1"

[[projects]]
  branch = "master"
  name = "golang.org/x/net"
  packages = [
    "html",
    "html/atom"
  ]
  revision = "8d282c4e200f6234d5df69ac4ad1ecb709c3df2c"

[[projects]]
  branch = "master"
  name = "golang.org/x/sys"
  packages = ["unix"]
  revision = "c11f84a56e43e20a78cee75a7c034031ecf57d1f"

[solve-meta]
  analyzer-name = "dep"
  analyzer-version = 1
  inputs-digest = "01637424c708314a8899dcae3402661b8b9bedcf160083d3d56b0593d4ba3530"
  solver-name = "gps-cdcl"
  solver-version = 1
